
Microsoft Visual Studio Solution File, Format Version 12.00
# Visual Studio Version 17
VisualStudioVersion = 17.4.33205.214
MinimumVisualStudioVersion = 10.0.40219.1
Project("{FAE04EC0-301F-11D3-BF4B-00C04F79EFBC}") = "NetWithElasticSearch", "NetWithElasticSearch\NetWithElasticSearch.csproj", "{8E9945A5-BB58-4935-90E9-BB5636254628}"
EndProject
Global
	GlobalSection(SolutionConfigurationPlatforms) = preSolution
		Debug|Any CPU = Debug|Any CPU
		Release|Any CPU = Release|Any CPU
	EndGlobalSection
	GlobalSection(ProjectConfigurationPlatforms) = postSolution
		{8E9945A5-BB58-4935-90E9-BB5636254628}.Debug|Any CPU.ActiveCfg = Debug|Any CPU
		{8E9945A5-BB58-4935-90E9-BB5636254628}.Debug|Any CPU.Build.0 = Debug|Any CPU
		{8E9945A5-BB58-4935-90E9-BB5636254628}.Release|Any CPU.ActiveCfg = Release|Any CPU
		{8E9945A5-BB58-4935-90E9-BB5636254628}.Release|Any CPU.Build.0 = Release|Any CPU
	EndGlobalSection
	GlobalSection(SolutionProperties) = preSolution
		HideSolutionNode = FALSE
	EndGlobalSection
	GlobalSection(ExtensibilityGlobals) = postSolution
		SolutionGuid = {E138C348-72E5-4AA6-B237-32F184802016}
	EndGlobalSection
EndGlobal
